
Microsoft Visual Studio Solution File, Format Version 12.00
# Visual Studio Version 17
VisualStudioVersion = 17.7.34031.279
MinimumVisualStudioVersion = 10.0.40219.1
Project("{FAE04EC0-301F-11D3-BF4B-00C04F79EFBC}") = "ASP.NETIntro", "ASP.NETIntro\ASP.NETIntro.csproj", "{48FBB2B5-8175-4F81-8DA6-11A7EB2A7DB1}"
EndProject
Global
	GlobalSection(SolutionConfigurationPlatforms) = preSolution
		Debug|Any CPU = Debug|Any CPU
		Release|Any CPU = Release|Any CPU
	EndGlobalSection
	GlobalSection(ProjectConfigurationPlatforms) = postSolution
		{48FBB2B5-8175-4F81-8DA6-11A7EB2A7DB1}.Debug|Any CPU.ActiveCfg = Debug|Any CPU
		{48FBB2B5-8175-4F81-8DA6-11A7EB2A7DB1}.Debug|Any CPU.Build.0 = Debug|Any CPU
		{48FBB2B5-8175-4F81-8DA6-11A7EB2A7DB1}.Release|Any CPU.ActiveCfg = Release|Any CPU
		{48FBB2B5-8175-4F81-8DA6-11A7EB2A7DB1}.Release|Any CPU.Build.0 = Release|Any CPU
	EndGlobalSection
	GlobalSection(SolutionProperties) = preSolution
		HideSolutionNode = FALSE
	EndGlobalSection
	GlobalSection(ExtensibilityGlobals) = postSolution
		SolutionGuid = {D0E4C454-6F69-4D70-BC06-6F2B223C2D43}
	EndGlobalSection
EndGlobal
